
Microsoft Visual Studio Solution File, Format Version 12.00
# Visual Studio Version 16
VisualStudioVersion = 16.0.33027.164
MinimumVisualStudioVersion = 10.0.40219.1
Project("{FAE04EC0-301F-11D3-BF4B-00C04F79EFBC}") = "adventura", "adventura\adventura.csproj", "{9F907DB1-562A-4D21-8FDD-CDEC52DBB914}"
EndProject
Global
	GlobalSection(SolutionConfigurationPlatforms) = preSolution
		Debug|Any CPU = Debug|Any CPU
		Release|Any CPU = Release|Any CPU
	EndGlobalSection
	GlobalSection(ProjectConfigurationPlatforms) = postSolution
		{9F907DB1-562A-4D21-8FDD-CDEC52DBB914}.Debug|Any CPU.ActiveCfg = Debug|Any CPU
		{9F907DB1-562A-4D21-8FDD-CDEC52DBB914}.Debug|Any CPU.Build.0 = Debug|Any CPU
		{9F907DB1-562A-4D21-8FDD-CDEC52DBB914}.Release|Any CPU.ActiveCfg = Release|Any CPU
		{9F907DB1-562A-4D21-8FDD-CDEC52DBB914}.Release|Any CPU.Build.0 = Release|Any CPU
	EndGlobalSection
	GlobalSection(SolutionProperties) = preSolution
		HideSolutionNode = FALSE
	EndGlobalSection
	GlobalSection(ExtensibilityGlobals) = postSolution
		SolutionGuid = {FE6DA951-F931-4F13-B49F-3D629EEC9B0D}
	EndGlobalSection
EndGlobal
